# This file was autogenerated by Stack.
# You should not edit this file by hand.
# For more information, please see the documentation at:
#   https://docs.haskellstack.org/en/stable/lock_files

packages:
- completed:
    hackage: repline-0.4.0.0@sha256:3324479e497d27c40c3d4762bffc52058f9921621d20d2947dcf9a554b94cd0d,2253
    pantry-tree:
      size: 564
      sha256: bff43f9a5b0a212c29c12e2e22b528d9071b2a7d13489ce5bdc54ae9eac853cf
  original:
    hackage: repline-0.4.0.0
- completed:
    hackage: haskeline-0.8.0.0@sha256:0630452b759a5b40e0e3e7ca2ef4b0d55d5161d95e8d7b0dd3cf55888971437f,5440
    pantry-tree:
      size: 3013
      sha256: 235d9b78cb87e21651fd36421c30ff4e0638e463fac7ec8b70887db06c3ff88f
  original:
    hackage: haskeline-0.8.0.0@sha256:0630452b759a5b40e0e3e7ca2ef4b0d55d5161d95e8d7b0dd3cf55888971437f,5440
- completed:
    hackage: prettyprinter-1.7.0@sha256:6a9569e21fa61163a7f066d23d701e23e917893e8f39733d6e617ec72787ae5f,6007
    pantry-tree:
      size: 3194
      sha256: d22f820a1f63497f7fd7e1f04b7d356d92de35582258f6ad55428c88b09e63ff
  original:
    hackage: prettyprinter-1.7.0@sha256:6a9569e21fa61163a7f066d23d701e23e917893e8f39733d6e617ec72787ae5f,6007
snapshots:
- completed:
    size: 532380
    url: https://raw.githubusercontent.com/commercialhaskell/stackage-snapshots/master/lts/16/16.yaml
    sha256: d6b004b095fe2a0b8b14fbc30014ee97e58843b9c9362ddb9244273dda62649e
  original: lts-16.16
