# This file was autogenerated by Stack.
# You should not edit this file by hand.
# For more information, please see the documentation at:
#   https://docs.haskellstack.org/en/stable/lock_files

packages:
- completed:
    hackage: diagnose-2.2.0@sha256:0909bf51e296a484f34a4bc35ee84f349602bde0e2083c7659d7e38f258a2453,5941
    pantry-tree:
      sha256: 6c45647f171dbf96c5cd2dbf9af6c9ba8cac5408968a3504c1464fe7895c0904
      size: 1402
  original:
    hackage: diagnose-2.2.0
- completed:
    commit: 747297319f0dd0c8e8f72b7de4fbf52aad73d5b0
    git: https://github.com/solidsnack/wcwidth.git
    name: wcwidth
    pantry-tree:
      sha256: dc6939beb9b35fcebebfe22eef013d9438ff2dd885b517fb7ea352dee4d580a7
      size: 815
    version: 0.0.2
  original:
    commit: 747297319f0dd0c8e8f72b7de4fbf52aad73d5b0
    git: https://github.com/solidsnack/wcwidth.git
snapshots:
- completed:
    sha256: 9fa4bece7acfac1fc7930c5d6e24606004b09e80aa0e52e9f68b148201008db9
    size: 649606
    url: https://raw.githubusercontent.com/commercialhaskell/stackage-snapshots/master/lts/20/18.yaml
  original: lts-20.18
