# This file was autogenerated by Stack.
# You should not edit this file by hand.
# For more information, please see the documentation at:
#   https://docs.haskellstack.org/en/stable/lock_files

packages:
- completed:
    hackage: diagnose-2.2.0@sha256:0909bf51e296a484f34a4bc35ee84f349602bde0e2083c7659d7e38f258a2453,5941
    pantry-tree:
      size: 1402
      sha256: 6c45647f171dbf96c5cd2dbf9af6c9ba8cac5408968a3504c1464fe7895c0904
  original:
    hackage: diagnose-2.2.0
snapshots:
- completed:
    size: 590102
    url: https://raw.githubusercontent.com/commercialhaskell/stackage-snapshots/master/lts/18/27.yaml
    sha256: 79a786674930a89301b0e908fad2822a48882f3d01486117693c377b8edffdbe
  original: lts-18.27
